// !$*UTF8*$!
{
	archiveVersion = 1;
	classes = {
	};
	objectVersion = 46;
	objects = {

/* Begin PBXBuildFile section */
		ACBF61FC1C5A23480055FD34 /* main.m in Sources */ = {isa = PBXBuildFile; fileRef = ACBF61FB1C5A23480055FD34 /* main.m */; };
		ACBF61FF1C5A23480055FD34 /* AppDelegate.m in Sources */ = {isa = PBXBuildFile; fileRef = ACBF61FE1C5A23480055FD34 /* AppDelegate.m */; };
		ACBF62021C5A23480055FD34 /* ViewController.m in Sources */ = {isa = PBXBuildFile; fileRef = ACBF62011C5A23480055FD34 /* ViewController.m */; };
		ACBF62051C5A23480055FD34 /* Main.storyboard in Resources */ = {isa = PBXBuildFile; fileRef = ACBF62031C5A23480055FD34 /* Main.storyboard */; };
		ACBF62071C5A23480055FD34 /* Assets.xcassets in Resources */ = {isa = PBXBuildFile; fileRef = ACBF62061C5A23480055FD34 /* Assets.xcassets */; };
		ACBF620A1C5A23480055FD34 /* LaunchScreen.storyboard in Resources */ = {isa = PBXBuildFile; fileRef = ACBF62081C5A23480055FD34 /* LaunchScreen.storyboard */; };
		ACBF62151C5A23480055FD34 /* gitSuper__Tests.m in Sources */ = {isa = PBXBuildFile; fileRef = ACBF62141C5A23480055FD34 /* gitSuper__Tests.m */; };
		ACBF62201C5A23480055FD34 /* gitSuper__UITests.m in Sources */ = {isa = PBXBuildFile; fileRef = ACBF621F1C5A23480055FD34 /* gitSuper__UITests.m */; };
/* End PBXBuildFile section */

/* Begin PBXContainerItemProxy section */
		ACBF62111C5A23480055FD34 /* PBXContainerItemProxy */ = {
			isa = PBXContainerItemProxy;
			containerPortal = ACBF61EF1C5A23480055FD34 /* Project object */;
			proxyType = 1;
			remoteGlobalIDString = ACBF61F61C5A23480055FD34;
			remoteInfo = "gitSuper测试";
		};
		ACBF621C1C5A23480055FD34 /* PBXContainerItemProxy */ = {
			isa = PBXContainerItemProxy;
			containerPortal = ACBF61EF1C5A23480055FD34 /* Project object */;
			proxyType = 1;
			remoteGlobalIDString = ACBF61F61C5A23480055FD34;
			remoteInfo = "gitSuper测试";
		};
/* End PBXContainerItemProxy section */

/* Begin PBXFileReference section */
		ACBF61F71C5A23480055FD34 /* gitSuper测试.app */ = {isa = PBXFileReference; explicitFileType = wrapper.application; includeInIndex = 0; path = "gitSuper测试.app"; sourceTree = BUILT_PRODUCTS_DIR; };
		ACBF61FB1C5A23480055FD34 /* main.m */ = {isa = PBXFileReference; lastKnownFileType = sourcecode.c.objc; path = main.m; sourceTree = "<group>"; };
		ACBF61FD1C5A23480055FD34 /* AppDelegate.h */ = {isa = PBXFileReference; lastKnownFileType = sourcecode.c.h; path = AppDelegate.h; sourceTree = "<group>"; };
		ACBF61FE1C5A23480055FD34 /* AppDelegate.m */ = {isa = PBXFileReference; lastKnownFileType = sourcecode.c.objc; path = AppDelegate.m; sourceTree = "<group>"; };
		ACBF62001C5A23480055FD34 /* ViewController.h */ = {isa = PBXFileReference; lastKnownFileType = sourcecode.c.h; path = ViewController.h; sourceTree = "<group>"; };
		ACBF62011C5A23480055FD34 /* ViewController.m */ = {isa = PBXFileReference; lastKnownFileType = sourcecode.c.objc; path = ViewController.m; sourceTree = "<group>"; };
		ACBF62041C5A23480055FD34 /* Base */ = {isa = PBXFileReference; lastKnownFileType = file.storyboard; name = Base; path = Base.lproj/Main.storyboard; sourceTree = "<group>"; };
		ACBF62061C5A23480055FD34 /* Assets.xcassets */ = {isa = PBXFileReference; lastKnownFileType = folder.assetcatalog; path = Assets.xcassets; sourceTree = "<group>"; };
		ACBF62091C5A23480055FD34 /* Base */ = {isa = PBXFileReference; lastKnownFileType = file.storyboard; name = Base; path = Base.lproj/LaunchScreen.storyboard; sourceTree = "<group>"; };
		ACBF620B1C5A23480055FD34 /* Info.plist */ = {isa = PBXFileReference; lastKnownFileType = text.plist.xml; path = Info.plist; sourceTree = "<group>"; };
		ACBF62101C5A23480055FD34 /* gitSuper测试Tests.xctest */ = {isa = PBXFileReference; explicitFileType = wrapper.cfbundle; includeInIndex = 0; path = "gitSuper测试Tests.xctest"; sourceTree = BUILT_PRODUCTS_DIR; };
		ACBF62141C5A23480055FD34 /* gitSuper__Tests.m */ = {isa = PBXFileReference; lastKnownFileType = sourcecode.c.objc; path = gitSuper__Tests.m; sourceTree = "<group>"; };
		ACBF62161C5A23480055FD34 /* Info.plist */ = {isa = PBXFileReference; lastKnownFileType = text.plist.xml; path = Info.plist; sourceTree = "<group>"; };
		ACBF621B1C5A23480055FD34 /* gitSuper测试UITests.xctest */ = {isa = PBXFileReference; explicitFileType = wrapper.cfbundle; includeInIndex = 0; path = "gitSuper测试UITests.xctest"; sourceTree = BUILT_PRODUCTS_DIR; };
		ACBF621F1C5A23480055FD34 /* gitSuper__UITests.m */ = {isa = PBXFileReference; lastKnownFileType = sourcecode.c.objc; path = gitSuper__UITests.m; sourceTree = "<group>"; };
		ACBF62211C5A23480055FD34 /* Info.plist */ = {isa = PBXFileReference; lastKnownFileType = text.plist.xml; path = Info.plist; sourceTree = "<group>"; };
/* End PBXFileReference section */

/* Begin PBXFrameworksBuildPhase section */
		ACBF61F41C5A23480055FD34 /* Frameworks */ = {
			isa = PBXFrameworksBuildPhase;
			buildActionMask = 2147483647;
			files = (
			);
			runOnlyForDeploymentPostprocessing = 0;
		};
		ACBF620D1C5A23480055FD34 /* Frameworks */ = {
			isa = PBXFrameworksBuildPhase;
			buildActionMask = 2147483647;
			files = (
			);
			runOnlyForDeploymentPostprocessing = 0;
		};
		ACBF62181C5A23480055FD34 /* Frameworks */ = {
			isa = PBXFrameworksBuildPhase;
			buildActionMask = 2147483647;
			files = (
			);
			runOnlyForDeploymentPostprocessing = 0;
		};
/* End PBXFrameworksBuildPhase section */

/* Begin PBXGroup section */
		ACBF61EE1C5A23480055FD34 = {
			isa = PBXGroup;
			children = (
				ACBF61F91C5A23480055FD34 /* gitSuper测试 */,
				ACBF62131C5A23480055FD34 /* gitSuper测试Tests */,
				ACBF621E1C5A23480055FD34 /* gitSuper测试UITests */,
				ACBF61F81C5A23480055FD34 /* Products */,
			);
			sourceTree = "<group>";
		};
		ACBF61F81C5A23480055FD34 /* Products */ = {
			isa = PBXGroup;
			children = (
				ACBF61F71C5A23480055FD34 /* gitSuper测试.app */,
				ACBF62101C5A23480055FD34 /* gitSuper测试Tests.xctest */,
				ACBF621B1C5A23480055FD34 /* gitSuper测试UITests.xctest */,
			);
			name = Products;
			sourceTree = "<group>";
		};
		ACBF61F91C5A23480055FD34 /* gitSuper测试 */ = {
			isa = PBXGroup;
			children = (
				ACBF61FD1C5A23480055FD34 /* AppDelegate.h */,
				ACBF61FE1C5A23480055FD34 /* AppDelegate.m */,
				ACBF62001C5A23480055FD34 /* ViewController.h */,
				ACBF62011C5A23480055FD34 /* ViewController.m */,
				ACBF62031C5A23480055FD34 /* Main.storyboard */,
				ACBF62061C5A23480055FD34 /* Assets.xcassets */,
				ACBF62081C5A23480055FD34 /* LaunchScreen.storyboard */,
				ACBF620B1C5A23480055FD34 /* Info.plist */,
				ACBF61FA1C5A23480055FD34 /* Supporting Files */,
			);
			path = "gitSuper测试";
			sourceTree = "<group>";
		};
		ACBF61FA1C5A23480055FD34 /* Supporting Files */ = {
			isa = PBXGroup;
			children = (
				ACBF61FB1C5A23480055FD34 /* main.m */,
			);
			name = "Supporting Files";
			sourceTree = "<group>";
		};
		ACBF62131C5A23480055FD34 /* gitSuper测试Tests */ = {
			isa = PBXGroup;
			children = (
				ACBF62141C5A23480055FD34 /* gitSuper__Tests.m */,
				ACBF62161C5A23480055FD34 /* Info.plist */,
			);
			path = "gitSuper测试Tests";
			sourceTree = "<group>";
		};
		ACBF621E1C5A23480055FD34 /* gitSuper测试UITests */ = {
			isa = PBXGroup;
			children = (
				ACBF621F1C5A23480055FD34 /* gitSuper__UITests.m */,
				ACBF62211C5A23480055FD34 /* Info.plist */,
			);
			path = "gitSuper测试UITests";
			sourceTree = "<group>";
		};
/* End PBXGroup section */

/* Begin PBXNativeTarget section */
		ACBF61F61C5A23480055FD34 /* gitSuper测试 */ = {
			isa = PBXNativeTarget;
			buildConfigurationList = ACBF62241C5A23480055FD34 /* Build configuration list for PBXNativeTarget "gitSuper测试" */;
			buildPhases = (
				ACBF61F31C5A23480055FD34 /* Sources */,
				ACBF61F41C5A23480055FD34 /* Frameworks */,
				ACBF61F51C5A23480055FD34 /* Resources */,
			);
			buildRules = (
			);
			dependencies = (
			);
			name = "gitSuper测试";
			productName = "gitSuper测试";
			productReference = ACBF61F71C5A23480055FD34 /* gitSuper测试.app */;
			productType = "com.apple.product-type.application";
		};
		ACBF620F1C5A23480055FD34 /* gitSuper测试Tests */ = {
			isa = PBXNativeTarget;
			buildConfigurationList = ACBF62271C5A23480055FD34 /* Build configuration list for PBXNativeTarget "gitSuper测试Tests" */;
			buildPhases = (
				ACBF620C1C5A23480055FD34 /* Sources */,
				ACBF620D1C5A23480055FD34 /* Frameworks */,
				ACBF620E1C5A23480055FD34 /* Resources */,
			);
			buildRules = (
			);
			dependencies = (
				ACBF62121C5A23480055FD34 /* PBXTargetDependency */,
			);
			name = "gitSuper测试Tests";
			productName = "gitSuper测试Tests";
			productReference = ACBF62101C5A23480055FD34 /* gitSuper测试Tests.xctest */;
			productType = "com.apple.product-type.bundle.unit-test";
		};
		ACBF621A1C5A23480055FD34 /* gitSuper测试UITests */ = {
			isa = PBXNativeTarget;
			buildConfigurationList = ACBF622A1C5A23480055FD34 /* Build configuration list for PBXNativeTarget "gitSuper测试UITests" */;
			buildPhases = (
				ACBF62171C5A23480055FD34 /* Sources */,
				ACBF62181C5A23480055FD34 /* Frameworks */,
				ACBF62191C5A23480055FD34 /* Resources */,
			);
			buildRules = (
			);
			dependencies = (
				ACBF621D1C5A23480055FD34 /* PBXTargetDependency */,
			);
			name = "gitSuper测试UITests";
			productName = "gitSuper测试UITests";
			productReference = ACBF621B1C5A23480055FD34 /* gitSuper测试UITests.xctest */;
			productType = "com.apple.product-type.bundle.ui-testing";
		};
/* End PBXNativeTarget section */

/* Begin PBXProject section */
		ACBF61EF1C5A23480055FD34 /* Project object */ = {
			isa = PBXProject;
			attributes = {
				LastUpgradeCheck = 0720;
				ORGANIZATIONNAME = "李人杰";
				TargetAttributes = {
					ACBF61F61C5A23480055FD34 = {
						CreatedOnToolsVersion = 7.2;
					};
					ACBF620F1C5A23480055FD34 = {
						CreatedOnToolsVersion = 7.2;
						TestTargetID = ACBF61F61C5A23480055FD34;
					};
					ACBF621A1C5A23480055FD34 = {
						CreatedOnToolsVersion = 7.2;
						TestTargetID = ACBF61F61C5A23480055FD34;
					};
				};
			};
			buildConfigurationList = ACBF61F21C5A23480055FD34 /* Build configuration list for PBXProject "gitSuper测试" */;
			compatibilityVersion = "Xcode 3.2";
			developmentRegion = English;
			hasScannedForEncodings = 0;
			knownRegions = (
				en,
				Base,
			);
			mainGroup = ACBF61EE1C5A23480055FD34;
			productRefGroup = ACBF61F81C5A23480055FD34 /* Products */;
			projectDirPath = "";
			projectRoot = "";
			targets = (
				ACBF61F61C5A23480055FD34 /* gitSuper测试 */,
				ACBF620F1C5A23480055FD34 /* gitSuper测试Tests */,
				ACBF621A1C5A23480055FD34 /* gitSuper测试UITests */,
			);
		};
/* End PBXProject section */

/* Begin PBXResourcesBuildPhase section */
		ACBF61F51C5A23480055FD34 /* Resources */ = {
			isa = PBXResourcesBuildPhase;
			buildActionMask = 2147483647;
			files = (
				ACBF620A1C5A23480055FD34 /* LaunchScreen.storyboard in Resources */,
				ACBF62071C5A23480055FD34 /* Assets.xcassets in Resources */,
				ACBF62051C5A23480055FD34 /* Main.storyboard in Resources */,
			);
			runOnlyForDeploymentPostprocessing = 0;
		};
		ACBF620E1C5A23480055FD34 /* Resources */ = {
			isa = PBXResourcesBuildPhase;
			buildActionMask = 2147483647;
			files = (
			);
			runOnlyForDeploymentPostprocessing = 0;
		};
		ACBF62191C5A23480055FD34 /* Resources */ = {
			isa = PBXResourcesBuildPhase;
			buildActionMask = 2147483647;
			files = (
			);
			runOnlyForDeploymentPostprocessing = 0;
		};
/* End PBXResourcesBuildPhase section */

/* Begin PBXSourcesBuildPhase section */
		ACBF61F31C5A23480055FD34 /* Sources */ = {
			isa = PBXSourcesBuildPhase;
			buildActionMask = 2147483647;
			files = (
				ACBF62021C5A23480055FD34 /* ViewController.m in Sources */,
				ACBF61FF1C5A23480055FD34 /* AppDelegate.m in Sources */,
				ACBF61FC1C5A23480055FD34 /* main.m in Sources */,
			);
			runOnlyForDeploymentPostprocessing = 0;
		};
		ACBF620C1C5A23480055FD34 /* Sources */ = {
			isa = PBXSourcesBuildPhase;
			buildActionMask = 2147483647;
			files = (
				ACBF62151C5A23480055FD34 /* gitSuper__Tests.m in Sources */,
			);
			runOnlyForDeploymentPostprocessing = 0;
		};
		ACBF62171C5A23480055FD34 /* Sources */ = {
			isa = PBXSourcesBuildPhase;
			buildActionMask = 2147483647;
			files = (
				ACBF62201C5A23480055FD34 /* gitSuper__UITests.m in Sources */,
			);
			runOnlyForDeploymentPostprocessing = 0;
		};
/* End PBXSourcesBuildPhase section */

/* Begin PBXTargetDependency section */
		ACBF62121C5A23480055FD34 /* PBXTargetDependency */ = {
			isa = PBXTargetDependency;
			target = ACBF61F61C5A23480055FD34 /* gitSuper测试 */;
			targetProxy = ACBF62111C5A23480055FD34 /* PBXContainerItemProxy */;
		};
		ACBF621D1C5A23480055FD34 /* PBXTargetDependency */ = {
			isa = PBXTargetDependency;
			target = ACBF61F61C5A23480055FD34 /* gitSuper测试 */;
			targetProxy = ACBF621C1C5A23480055FD34 /* PBXContainerItemProxy */;
		};
/* End PBXTargetDependency section */

/* Begin PBXVariantGroup section */
		ACBF62031C5A23480055FD34 /* Main.storyboard */ = {
			isa = PBXVariantGroup;
			children = (
				ACBF62041C5A23480055FD34 /* Base */,
			);
			name = Main.storyboard;
			sourceTree = "<group>";
		};
		ACBF62081C5A23480055FD34 /* LaunchScreen.storyboard */ = {
			isa = PBXVariantGroup;
			children = (
				ACBF62091C5A23480055FD34 /* Base */,
			);
			name = LaunchScreen.storyboard;
			sourceTree = "<group>";
		};
/* End PBXVariantGroup section */

/* Begin XCBuildConfiguration section */
		ACBF62221C5A23480055FD34 /* Debug */ = {
			isa = XCBuildConfiguration;
			buildSettings = {
				ALWAYS_SEARCH_USER_PATHS = NO;
				CLANG_CXX_LANGUAGE_STANDARD = "gnu++0x";
				CLANG_CXX_LIBRARY = "libc++";
				CLANG_ENABLE_MODULES = YES;
				CLANG_ENABLE_OBJC_ARC = YES;
				CLANG_WARN_BOOL_CONVERSION = YES;
				CLANG_WARN_CONSTANT_CONVERSION = YES;
				CLANG_WARN_DIRECT_OBJC_ISA_USAGE = YES_ERROR;
				CLANG_WARN_EMPTY_BODY = YES;
				CLANG_WARN_ENUM_CONVERSION = YES;
				CLANG_WARN_INT_CONVERSION = YES;
				CLANG_WARN_OBJC_ROOT_CLASS = YES_ERROR;
				CLANG_WARN_UNREACHABLE_CODE = YES;
				CLANG_WARN__DUPLICATE_METHOD_MATCH = YES;
				"CODE_SIGN_IDENTITY[sdk=iphoneos*]" = "iPhone Developer";
				COPY_PHASE_STRIP = NO;
				DEBUG_INFORMATION_FORMAT = dwarf;
				ENABLE_STRICT_OBJC_MSGSEND = YES;
				ENABLE_TESTABILITY = YES;
				GCC_C_LANGUAGE_STANDARD = gnu99;
				GCC_DYNAMIC_NO_PIC = NO;
				GCC_NO_COMMON_BLOCKS = YES;
				GCC_OPTIMIZATION_LEVEL = 0;
				GCC_PREPROCESSOR_DEFINITIONS = (
					"DEBUG=1",
					"$(inherited)",
				);
				GCC_WARN_64_TO_32_BIT_CONVERSION = YES;
				GCC_WARN_ABOUT_RETURN_TYPE = YES_ERROR;
				GCC_WARN_UNDECLARED_SELECTOR = YES;
				GCC_WARN_UNINITIALIZED_AUTOS = YES_AGGRESSIVE;
				GCC_WARN_UNUSED_FUNCTION = YES;
				GCC_WARN_UNUSED_VARIABLE = YES;
				IPHONEOS_DEPLOYMENT_TARGET = 9.2;
				MTL_ENABLE_DEBUG_INFO = YES;
				ONLY_ACTIVE_ARCH = YES;
				SDKROOT = iphoneos;
			};
			name = Debug;
		};
		ACBF62231C5A23480055FD34 /* Release */ = {
			isa = XCBuildConfiguration;
			buildSettings = {
				ALWAYS_SEARCH_USER_PATHS = NO;
				CLANG_CXX_LANGUAGE_STANDARD = "gnu++0x";
				CLANG_CXX_LIBRARY = "libc++";
				CLANG_ENABLE_MODULES = YES;
				CLANG_ENABLE_OBJC_ARC = YES;
				CLANG_WARN_BOOL_CONVERSION = YES;
				CLANG_WARN_CONSTANT_CONVERSION = YES;
				CLANG_WARN_DIRECT_OBJC_ISA_USAGE = YES_ERROR;
				CLANG_WARN_EMPTY_BODY = YES;
				CLANG_WARN_ENUM_CONVERSION = YES;
				CLANG_WARN_INT_CONVERSION = YES;
				CLANG_WARN_OBJC_ROOT_CLASS = YES_ERROR;
				CLANG_WARN_UNREACHABLE_CODE = YES;
				CLANG_WARN__DUPLICATE_METHOD_MATCH = YES;
				"CODE_SIGN_IDENTITY[sdk=iphoneos*]" = "iPhone Developer";
				COPY_PHASE_STRIP = NO;
				DEBUG_INFORMATION_FORMAT = "dwarf-with-dsym";
				ENABLE_NS_ASSERTIONS = NO;
				ENABLE_STRICT_OBJC_MSGSEND = YES;
				GCC_C_LANGUAGE_STANDARD = gnu99;
				GCC_NO_COMMON_BLOCKS = YES;
				GCC_WARN_64_TO_32_BIT_CONVERSION = YES;
				GCC_WARN_ABOUT_RETURN_TYPE = YES_ERROR;
				GCC_WARN_UNDECLARED_SELECTOR = YES;
				GCC_WARN_UNINITIALIZED_AUTOS = YES_AGGRESSIVE;
				GCC_WARN_UNUSED_FUNCTION = YES;
				GCC_WARN_UNUSED_VARIABLE = YES;
				IPHONEOS_DEPLOYMENT_TARGET = 9.2;
				MTL_ENABLE_DEBUG_INFO = NO;
				SDKROOT = iphoneos;
				VALIDATE_PRODUCT = YES;
			};
			name = Release;
		};
		ACBF62251C5A23480055FD34 /* Debug */ = {
			isa = XCBuildConfiguration;
			buildSettings = {
				ASSETCATALOG_COMPILER_APPICON_NAME = AppIcon;
				INFOPLIST_FILE = "gitSuper测试/Info.plist";
				LD_RUNPATH_SEARCH_PATHS = "$(inherited) @executable_path/Frameworks";
				PRODUCT_BUNDLE_IDENTIFIER = "com.lanyikeji.gitSuper--";
				PRODUCT_NAME = "$(TARGET_NAME)";
			};
			name = Debug;
		};
		ACBF62261C5A23480055FD34 /* Release */ = {
			isa = XCBuildConfiguration;
			buildSettings = {
				ASSETCATALOG_COMPILER_APPICON_NAME = AppIcon;
				INFOPLIST_FILE = "gitSuper测试/Info.plist";
				LD_RUNPATH_SEARCH_PATHS = "$(inherited) @executable_path/Frameworks";
				PRODUCT_BUNDLE_IDENTIFIER = "com.lanyikeji.gitSuper--";
				PRODUCT_NAME = "$(TARGET_NAME)";
			};
			name = Release;
		};
		ACBF62281C5A23480055FD34 /* Debug */ = {
			isa = XCBuildConfiguration;
			buildSettings = {
				BUNDLE_LOADER = "$(TEST_HOST)";
				INFOPLIST_FILE = "gitSuper测试Tests/Info.plist";
				LD_RUNPATH_SEARCH_PATHS = "$(inherited) @executable_path/Frameworks @loader_path/Frameworks";
				PRODUCT_BUNDLE_IDENTIFIER = "com.lanyikeji.gitSuper--Tests";
				PRODUCT_NAME = "$(TARGET_NAME)";
				TEST_HOST = "$(BUILT_PRODUCTS_DIR)/gitSuper测试.app/gitSuper测试";
			};
			name = Debug;
		};
		ACBF62291C5A23480055FD34 /* Release */ = {
			isa = XCBuildConfiguration;
			buildSettings = {
				BUNDLE_LOADER = "$(TEST_HOST)";
				INFOPLIST_FILE = "gitSuper测试Tests/Info.plist";
				LD_RUNPATH_SEARCH_PATHS = "$(inherited) @executable_path/Frameworks @loader_path/Frameworks";
				PRODUCT_BUNDLE_IDENTIFIER = "com.lanyikeji.gitSuper--Tests";
				PRODUCT_NAME = "$(TARGET_NAME)";
				TEST_HOST = "$(BUILT_PRODUCTS_DIR)/gitSuper测试.app/gitSuper测试";
			};
			name = Release;
		};
		ACBF622B1C5A23480055FD34 /* Debug */ = {
			isa = XCBuildConfiguration;
			buildSettings = {
				INFOPLIST_FILE = "gitSuper测试UITests/Info.plist";
				LD_RUNPATH_SEARCH_PATHS = "$(inherited) @executable_path/Frameworks @loader_path/Frameworks";
				PRODUCT_BUNDLE_IDENTIFIER = "com.lanyikeji.gitSuper--UITests";
				PRODUCT_NAME = "$(TARGET_NAME)";
				TEST_TARGET_NAME = "gitSuper测试";
				USES_XCTRUNNER = YES;
			};
			name = Debug;
		};
		ACBF622C1C5A23480055FD34 /* Release */ = {
			isa = XCBuildConfiguration;
			buildSettings = {
				INFOPLIST_FILE = "gitSuper测试UITests/Info.plist";
				LD_RUNPATH_SEARCH_PATHS = "$(inherited) @executable_path/Frameworks @loader_path/Frameworks";
				PRODUCT_BUNDLE_IDENTIFIER = "com.lanyikeji.gitSuper--UITests";
				PRODUCT_NAME = "$(TARGET_NAME)";
				TEST_TARGET_NAME = "gitSuper测试";
				USES_XCTRUNNER = YES;
			};
			name = Release;
		};
/* End XCBuildConfiguration section */

/* Begin XCConfigurationList section */
		ACBF61F21C5A23480055FD34 /* Build configuration list for PBXProject "gitSuper测试" */ = {
			isa = XCConfigurationList;
			buildConfigurations = (
				ACBF62221C5A23480055FD34 /* Debug */,
				ACBF62231C5A23480055FD34 /* Release */,
			);
			defaultConfigurationIsVisible = 0;
			defaultConfigurationName = Release;
		};
		ACBF62241C5A23480055FD34 /* Build configuration list for PBXNativeTarget "gitSuper测试" */ = {
			isa = XCConfigurationList;
			buildConfigurations = (
				ACBF62251C5A23480055FD34 /* Debug */,
				ACBF62261C5A23480055FD34 /* Release */,
			);
			defaultConfigurationIsVisible = 0;
		};
		ACBF62271C5A23480055FD34 /* Build configuration list for PBXNativeTarget "gitSuper测试Tests" */ = {
			isa = XCConfigurationList;
			buildConfigurations = (
				ACBF62281C5A23480055FD34 /* Debug */,
				ACBF62291C5A23480055FD34 /* Release */,
			);
			defaultConfigurationIsVisible = 0;
		};
		ACBF622A1C5A23480055FD34 /* Build configuration list for PBXNativeTarget "gitSuper测试UITests" */ = {
			isa = XCConfigurationList;
			buildConfigurations = (
				ACBF622B1C5A23480055FD34 /* Debug */,
				ACBF622C1C5A23480055FD34 /* Release */,
			);
			defaultConfigurationIsVisible = 0;
		};
/* End XCConfigurationList section */
	};
	rootObject = ACBF61EF1C5A23480055FD34 /* Project object */;
}
